// !$*UTF8*$!
{
	archiveVersion = 1;
	classes = {
	};
	objectVersion = 56;
	objects = {

/* Begin PBXBuildFile section */
		1085D23C29AB85E7006DED25 /* SMUthieApp.swift in Sources */ = {isa = PBXBuildFile; fileRef = 1085D23B29AB85E7006DED25 /* SMUthieApp.swift */; };
		1085D23E29AB85E7006DED25 /* ContentView.swift in Sources */ = {isa = PBXBuildFile; fileRef = 1085D23D29AB85E7006DED25 /* ContentView.swift */; };
		1085D24329AB85EB006DED25 /* Preview Assets.xcassets in Resources */ = {isa = PBXBuildFile; fileRef = 1085D24229AB85EB006DED25 /* Preview Assets.xcassets */; };
		280FF9C729DC618E00D4380A /* Assets.xcassets in Resources */ = {isa = PBXBuildFile; fileRef = 280FF9C629DC618E00D4380A /* Assets.xcassets */; };
		280FF9C929E41D2100D4380A /* MenuListViewModel.swift in Sources */ = {isa = PBXBuildFile; fileRef = 280FF9C829E41D2100D4380A /* MenuListViewModel.swift */; };
		280FF9CE29E41FA100D4380A /* Menu.swift in Sources */ = {isa = PBXBuildFile; fileRef = 280FF9CD29E41FA100D4380A /* Menu.swift */; };
		282D13012A5C197100C2D81D /* BoardPageView.swift in Sources */ = {isa = PBXBuildFile; fileRef = 282D13002A5C197100C2D81D /* BoardPageView.swift */; };
		2876F46529AE27BA00D0864B /* MapView.swift in Sources */ = {isa = PBXBuildFile; fileRef = 2876F46429AE27BA00D0864B /* MapView.swift */; };
		2876F46729AE29A000D0864B /* PlusView.swift in Sources */ = {isa = PBXBuildFile; fileRef = 2876F46629AE29A000D0864B /* PlusView.swift */; };
		2876F46929AE29AE00D0864B /* MyPageView.swift in Sources */ = {isa = PBXBuildFile; fileRef = 2876F46829AE29AE00D0864B /* MyPageView.swift */; };
		2876F46B29AE29BF00D0864B /* BoardView.swift in Sources */ = {isa = PBXBuildFile; fileRef = 2876F46A29AE29BF00D0864B /* BoardView.swift */; };
		2876F46D29AE3B9800D0864B /* CampusCafeView.swift in Sources */ = {isa = PBXBuildFile; fileRef = 2876F46C29AE3B9800D0864B /* CampusCafeView.swift */; };
		2876F47029AE3C9F00D0864B /* CampusCafe.swift in Sources */ = {isa = PBXBuildFile; fileRef = 2876F46F29AE3C9F00D0864B /* CampusCafe.swift */; };
		2876F47229AE3D0700D0864B /* CampusCafeViewModel.swift in Sources */ = {isa = PBXBuildFile; fileRef = 2876F47129AE3D0700D0864B /* CampusCafeViewModel.swift */; };
		2876F47729AE440200D0864B /* Cafeteria.swift in Sources */ = {isa = PBXBuildFile; fileRef = 2876F47629AE440200D0864B /* Cafeteria.swift */; };
		2876F47929AE450700D0864B /* CafeteriaViewModel.swift in Sources */ = {isa = PBXBuildFile; fileRef = 2876F47829AE450700D0864B /* CafeteriaViewModel.swift */; };
		2876F47B29AE454B00D0864B /* CafeteriaView.swift in Sources */ = {isa = PBXBuildFile; fileRef = 2876F47A29AE454B00D0864B /* CafeteriaView.swift */; };
		2876F48329AF385800D0864B /* AndamiroView.swift in Sources */ = {isa = PBXBuildFile; fileRef = 2876F48229AF385800D0864B /* AndamiroView.swift */; };
		2876F48529AF392600D0864B /* AndamiroViewModel.swift in Sources */ = {isa = PBXBuildFile; fileRef = 2876F48429AF392600D0864B /* AndamiroViewModel.swift */; };
		2876F48729AF3D3700D0864B /* AndamiroMenu.swift in Sources */ = {isa = PBXBuildFile; fileRef = 2876F48629AF3D3700D0864B /* AndamiroMenu.swift */; };
		2876F48929AF96D800D0864B /* MenuModalView.swift in Sources */ = {isa = PBXBuildFile; fileRef = 2876F48829AF96D800D0864B /* MenuModalView.swift */; };
		28AC1A4F2AB1AFAA00183652 /* PostContentView.swift in Sources */ = {isa = PBXBuildFile; fileRef = 28AC1A4E2AB1AFAA00183652 /* PostContentView.swift */; };
		28C364682A63D01500847A88 /* BoardInformationView.swift in Sources */ = {isa = PBXBuildFile; fileRef = 28C364672A63D01500847A88 /* BoardInformationView.swift */; };
		28C8AC5F2A7A467200C93DA2 /* BoardViewModel.swift in Sources */ = {isa = PBXBuildFile; fileRef = 28C8AC5E2A7A467200C93DA2 /* BoardViewModel.swift */; };
		28C8AC612A7A46C700C93DA2 /* Post.swift in Sources */ = {isa = PBXBuildFile; fileRef = 28C8AC602A7A46C700C93DA2 /* Post.swift */; };
		28E4192C29ADC892003FF1CF /* HomeView.swift in Sources */ = {isa = PBXBuildFile; fileRef = 28E4192B29ADC892003FF1CF /* HomeView.swift */; };
		28EE415129B9AD9200D3ECF5 /* MiddleItemViewModel.swift in Sources */ = {isa = PBXBuildFile; fileRef = 28EE415029B9AD9200D3ECF5 /* MiddleItemViewModel.swift */; };
		28EE415329B9AE2000D3ECF5 /* MiddleItem.swift in Sources */ = {isa = PBXBuildFile; fileRef = 28EE415229B9AE2000D3ECF5 /* MiddleItem.swift */; };
		39A006DF9461D2D34A29968E /* Pods_SMUthie.framework in Frameworks */ = {isa = PBXBuildFile; fileRef = 5551012DD0D006B8317862F1 /* Pods_SMUthie.framework */; };
/* End PBXBuildFile section */

/* Begin PBXFileReference section */
		1085D23829AB85E7006DED25 /* SMUthie.app */ = {isa = PBXFileReference; explicitFileType = wrapper.application; includeInIndex = 0; path = SMUthie.app; sourceTree = BUILT_PRODUCTS_DIR; };
		1085D23B29AB85E7006DED25 /* SMUthieApp.swift */ = {isa = PBXFileReference; lastKnownFileType = sourcecode.swift; path = SMUthieApp.swift; sourceTree = "<group>"; };
		1085D23D29AB85E7006DED25 /* ContentView.swift */ = {isa = PBXFileReference; lastKnownFileType = sourcecode.swift; path = ContentView.swift; sourceTree = "<group>"; };
		1085D24229AB85EB006DED25 /* Preview Assets.xcassets */ = {isa = PBXFileReference; lastKnownFileType = folder.assetcatalog; path = "Preview Assets.xcassets"; sourceTree = "<group>"; };
		280FF9C629DC618E00D4380A /* Assets.xcassets */ = {isa = PBXFileReference; lastKnownFileType = folder.assetcatalog; path = Assets.xcassets; sourceTree = "<group>"; };
		280FF9C829E41D2100D4380A /* MenuListViewModel.swift */ = {isa = PBXFileReference; lastKnownFileType = sourcecode.swift; path = MenuListViewModel.swift; sourceTree = "<group>"; };
		280FF9CD29E41FA100D4380A /* Menu.swift */ = {isa = PBXFileReference; lastKnownFileType = sourcecode.swift; path = Menu.swift; sourceTree = "<group>"; };
		282D13002A5C197100C2D81D /* BoardPageView.swift */ = {isa = PBXFileReference; lastKnownFileType = sourcecode.swift; path = BoardPageView.swift; sourceTree = "<group>"; };
		2876F46429AE27BA00D0864B /* MapView.swift */ = {isa = PBXFileReference; lastKnownFileType = sourcecode.swift; path = MapView.swift; sourceTree = "<group>"; };
		2876F46629AE29A000D0864B /* PlusView.swift */ = {isa = PBXFileReference; lastKnownFileType = sourcecode.swift; path = PlusView.swift; sourceTree = "<group>"; };
		2876F46829AE29AE00D0864B /* MyPageView.swift */ = {isa = PBXFileReference; lastKnownFileType = sourcecode.swift; path = MyPageView.swift; sourceTree = "<group>"; };
		2876F46A29AE29BF00D0864B /* BoardView.swift */ = {isa = PBXFileReference; lastKnownFileType = sourcecode.swift; path = BoardView.swift; sourceTree = "<group>"; };
		2876F46C29AE3B9800D0864B /* CampusCafeView.swift */ = {isa = PBXFileReference; lastKnownFileType = sourcecode.swift; path = CampusCafeView.swift; sourceTree = "<group>"; };
		2876F46F29AE3C9F00D0864B /* CampusCafe.swift */ = {isa = PBXFileReference; lastKnownFileType = sourcecode.swift; path = CampusCafe.swift; sourceTree = "<group>"; };
		2876F47129AE3D0700D0864B /* CampusCafeViewModel.swift */ = {isa = PBXFileReference; lastKnownFileType = sourcecode.swift; path = CampusCafeViewModel.swift; sourceTree = "<group>"; };
		2876F47629AE440200D0864B /* Cafeteria.swift */ = {isa = PBXFileReference; lastKnownFileType = sourcecode.swift; path = Cafeteria.swift; sourceTree = "<group>"; };
		2876F47829AE450700D0864B /* CafeteriaViewModel.swift */ = {isa = PBXFileReference; lastKnownFileType = sourcecode.swift; path = CafeteriaViewModel.swift; sourceTree = "<group>"; };
		2876F47A29AE454B00D0864B /* CafeteriaView.swift */ = {isa = PBXFileReference; lastKnownFileType = sourcecode.swift; path = CafeteriaView.swift; sourceTree = "<group>"; };
		2876F48229AF385800D0864B /* AndamiroView.swift */ = {isa = PBXFileReference; lastKnownFileType = sourcecode.swift; path = AndamiroView.swift; sourceTree = "<group>"; };
		2876F48429AF392600D0864B /* AndamiroViewModel.swift */ = {isa = PBXFileReference; lastKnownFileType = sourcecode.swift; path = AndamiroViewModel.swift; sourceTree = "<group>"; };
		2876F48629AF3D3700D0864B /* AndamiroMenu.swift */ = {isa = PBXFileReference; lastKnownFileType = sourcecode.swift; path = AndamiroMenu.swift; sourceTree = "<group>"; };
		2876F48829AF96D800D0864B /* MenuModalView.swift */ = {isa = PBXFileReference; lastKnownFileType = sourcecode.swift; path = MenuModalView.swift; sourceTree = "<group>"; };
		28AC1A4E2AB1AFAA00183652 /* PostContentView.swift */ = {isa = PBXFileReference; lastKnownFileType = sourcecode.swift; path = PostContentView.swift; sourceTree = "<group>"; };
		28C364672A63D01500847A88 /* BoardInformationView.swift */ = {isa = PBXFileReference; lastKnownFileType = sourcecode.swift; path = BoardInformationView.swift; sourceTree = "<group>"; };
		28C8AC5E2A7A467200C93DA2 /* BoardViewModel.swift */ = {isa = PBXFileReference; lastKnownFileType = sourcecode.swift; path = BoardViewModel.swift; sourceTree = "<group>"; };
		28C8AC602A7A46C700C93DA2 /* Post.swift */ = {isa = PBXFileReference; lastKnownFileType = sourcecode.swift; path = Post.swift; sourceTree = "<group>"; };
		28E4192B29ADC892003FF1CF /* HomeView.swift */ = {isa = PBXFileReference; lastKnownFileType = sourcecode.swift; path = HomeView.swift; sourceTree = "<group>"; };
		28EE415029B9AD9200D3ECF5 /* MiddleItemViewModel.swift */ = {isa = PBXFileReference; lastKnownFileType = sourcecode.swift; path = MiddleItemViewModel.swift; sourceTree = "<group>"; };
		28EE415229B9AE2000D3ECF5 /* MiddleItem.swift */ = {isa = PBXFileReference; lastKnownFileType = sourcecode.swift; path = MiddleItem.swift; sourceTree = "<group>"; };
		5551012DD0D006B8317862F1 /* Pods_SMUthie.framework */ = {isa = PBXFileReference; explicitFileType = wrapper.framework; includeInIndex = 0; path = Pods_SMUthie.framework; sourceTree = BUILT_PRODUCTS_DIR; };
		6002895C527BD99FD94E1FA5 /* Pods-SMUthie.debug.xcconfig */ = {isa = PBXFileReference; includeInIndex = 1; lastKnownFileType = text.xcconfig; name = "Pods-SMUthie.debug.xcconfig"; path = "Target Support Files/Pods-SMUthie/Pods-SMUthie.debug.xcconfig"; sourceTree = "<group>"; };
		A4D89843B5B721499C62635B /* Pods-SMUthie.release.xcconfig */ = {isa = PBXFileReference; includeInIndex = 1; lastKnownFileType = text.xcconfig; name = "Pods-SMUthie.release.xcconfig"; path = "Target Support Files/Pods-SMUthie/Pods-SMUthie.release.xcconfig"; sourceTree = "<group>"; };
/* End PBXFileReference section */

/* Begin PBXFrameworksBuildPhase section */
		1085D23529AB85E7006DED25 /* Frameworks */ = {
			isa = PBXFrameworksBuildPhase;
			buildActionMask = 2147483647;
			files = (
				39A006DF9461D2D34A29968E /* Pods_SMUthie.framework in Frameworks */,
			);
			runOnlyForDeploymentPostprocessing = 0;
		};
/* End PBXFrameworksBuildPhase section */

/* Begin PBXGroup section */
		1085D22F29AB85E7006DED25 = {
			isa = PBXGroup;
			children = (
				1085D23A29AB85E7006DED25 /* SMUthie */,
				1085D23929AB85E7006DED25 /* Products */,
				4CB48D3A68F77636500F2BAA /* Pods */,
				7B84D5BE222855BCD2A620C2 /* Frameworks */,
			);
			sourceTree = "<group>";
		};
		1085D23929AB85E7006DED25 /* Products */ = {
			isa = PBXGroup;
			children = (
				1085D23829AB85E7006DED25 /* SMUthie.app */,
			);
			name = Products;
			sourceTree = "<group>";
		};
		1085D23A29AB85E7006DED25 /* SMUthie */ = {
			isa = PBXGroup;
			children = (
				1085D23B29AB85E7006DED25 /* SMUthieApp.swift */,
				1085D23D29AB85E7006DED25 /* ContentView.swift */,
				28E4192B29ADC892003FF1CF /* HomeView.swift */,
				2876F46E29AE3C6E00D0864B /* HomeView */,
				2876F46429AE27BA00D0864B /* MapView.swift */,
				2876F46629AE29A000D0864B /* PlusView.swift */,
				280FF9CA29E41E2100D4380A /* PlusView */,
				2876F46A29AE29BF00D0864B /* BoardView.swift */,
				28C8AC5D2A7A465600C93DA2 /* BoardView */,
				2876F46829AE29AE00D0864B /* MyPageView.swift */,
				280FF9C629DC618E00D4380A /* Assets.xcassets */,
				1085D24129AB85EB006DED25 /* Preview Content */,
			);
			path = SMUthie;
			sourceTree = "<group>";
		};
		1085D24129AB85EB006DED25 /* Preview Content */ = {
			isa = PBXGroup;
			children = (
				1085D24229AB85EB006DED25 /* Preview Assets.xcassets */,
			);
			path = "Preview Content";
			sourceTree = "<group>";
		};
		280FF9CA29E41E2100D4380A /* PlusView */ = {
			isa = PBXGroup;
			children = (
				280FF9CD29E41FA100D4380A /* Menu.swift */,
				280FF9C829E41D2100D4380A /* MenuListViewModel.swift */,
			);
			path = PlusView;
			sourceTree = "<group>";
		};
		2876F46E29AE3C6E00D0864B /* HomeView */ = {
			isa = PBXGroup;
			children = (
				2876F47529AE419200D0864B /* Cafeteria */,
				2876F47429AE418F00D0864B /* Andamiro */,
				2876F47329AE417800D0864B /* CampusCafe */,
			);
			path = HomeView;
			sourceTree = "<group>";
		};
		2876F47329AE417800D0864B /* CampusCafe */ = {
			isa = PBXGroup;
			children = (
				2876F46F29AE3C9F00D0864B /* CampusCafe.swift */,
				2876F47129AE3D0700D0864B /* CampusCafeViewModel.swift */,
				2876F46C29AE3B9800D0864B /* CampusCafeView.swift */,
				2876F48829AF96D800D0864B /* MenuModalView.swift */,
				28EE415529BCC3F000D3ECF5 /* MenuModal_MiddleItem */,
			);
			path = CampusCafe;
			sourceTree = "<group>";
		};
		2876F47429AE418F00D0864B /* Andamiro */ = {
			isa = PBXGroup;
			children = (
				2876F48629AF3D3700D0864B /* AndamiroMenu.swift */,
				2876F48429AF392600D0864B /* AndamiroViewModel.swift */,
				2876F48229AF385800D0864B /* AndamiroView.swift */,
			);
			path = Andamiro;
			sourceTree = "<group>";
		};
		2876F47529AE419200D0864B /* Cafeteria */ = {
			isa = PBXGroup;
			children = (
				2876F47629AE440200D0864B /* Cafeteria.swift */,
				2876F47829AE450700D0864B /* CafeteriaViewModel.swift */,
				2876F47A29AE454B00D0864B /* CafeteriaView.swift */,
			);
			path = Cafeteria;
			sourceTree = "<group>";
		};
		28C8AC5D2A7A465600C93DA2 /* BoardView */ = {
			isa = PBXGroup;
			children = (
				282D13002A5C197100C2D81D /* BoardPageView.swift */,
				28C364672A63D01500847A88 /* BoardInformationView.swift */,
				28C8AC5E2A7A467200C93DA2 /* BoardViewModel.swift */,
				28AC1A4E2AB1AFAA00183652 /* PostContentView.swift */,
				28C8AC602A7A46C700C93DA2 /* Post.swift */,
			);
			path = BoardView;
			sourceTree = "<group>";
		};
		28EE415529BCC3F000D3ECF5 /* MenuModal_MiddleItem */ = {
			isa = PBXGroup;
			children = (
				28EE415229B9AE2000D3ECF5 /* MiddleItem.swift */,
				28EE415029B9AD9200D3ECF5 /* MiddleItemViewModel.swift */,
			);
			path = MenuModal_MiddleItem;
			sourceTree = "<group>";
		};
		4CB48D3A68F77636500F2BAA /* Pods */ = {
			isa = PBXGroup;
			children = (
				6002895C527BD99FD94E1FA5 /* Pods-SMUthie.debug.xcconfig */,
				A4D89843B5B721499C62635B /* Pods-SMUthie.release.xcconfig */,
			);
			path = Pods;
			sourceTree = "<group>";
		};
		7B84D5BE222855BCD2A620C2 /* Frameworks */ = {
			isa = PBXGroup;
			children = (
				5551012DD0D006B8317862F1 /* Pods_SMUthie.framework */,
			);
			name = Frameworks;
			sourceTree = "<group>";
		};
/* End PBXGroup section */

/* Begin PBXNativeTarget section */
		1085D23729AB85E7006DED25 /* SMUthie */ = {
			isa = PBXNativeTarget;
			buildConfigurationList = 1085D24629AB85EB006DED25 /* Build configuration list for PBXNativeTarget "SMUthie" */;
			buildPhases = (
				5CDEAC4C367A9392D6338713 /* [CP] Check Pods Manifest.lock */,
				1085D23429AB85E7006DED25 /* Sources */,
				1085D23529AB85E7006DED25 /* Frameworks */,
				1085D23629AB85E7006DED25 /* Resources */,
				354303E08E65B469153E6FC2 /* [CP] Embed Pods Frameworks */,
			);
			buildRules = (
			);
			dependencies = (
			);
			name = SMUthie;
			packageProductDependencies = (
			);
			productName = SMUthie;
			productReference = 1085D23829AB85E7006DED25 /* SMUthie.app */;
			productType = "com.apple.product-type.application";
		};
/* End PBXNativeTarget section */

/* Begin PBXProject section */
		1085D23029AB85E7006DED25 /* Project object */ = {
			isa = PBXProject;
			attributes = {
				BuildIndependentTargetsInParallel = 1;
				LastSwiftUpdateCheck = 1420;
				LastUpgradeCheck = 1420;
				TargetAttributes = {
					1085D23729AB85E7006DED25 = {
						CreatedOnToolsVersion = 14.2;
					};
				};
			};
			buildConfigurationList = 1085D23329AB85E7006DED25 /* Build configuration list for PBXProject "SMUthie" */;
			compatibilityVersion = "Xcode 14.0";
			developmentRegion = en;
			hasScannedForEncodings = 0;
			knownRegions = (
				en,
				Base,
			);
			mainGroup = 1085D22F29AB85E7006DED25;
			packageReferences = (
			);
			productRefGroup = 1085D23929AB85E7006DED25 /* Products */;
			projectDirPath = "";
			projectRoot = "";
			targets = (
				1085D23729AB85E7006DED25 /* SMUthie */,
			);
		};
/* End PBXProject section */

/* Begin PBXResourcesBuildPhase section */
		1085D23629AB85E7006DED25 /* Resources */ = {
			isa = PBXResourcesBuildPhase;
			buildActionMask = 2147483647;
			files = (
				1085D24329AB85EB006DED25 /* Preview Assets.xcassets in Resources */,
				280FF9C729DC618E00D4380A /* Assets.xcassets in Resources */,
			);
			runOnlyForDeploymentPostprocessing = 0;
		};
/* End PBXResourcesBuildPhase section */

/* Begin PBXShellScriptBuildPhase section */
		354303E08E65B469153E6FC2 /* [CP] Embed Pods Frameworks */ = {
			isa = PBXShellScriptBuildPhase;
			buildActionMask = 2147483647;
			files = (
			);
			inputFileListPaths = (
				"${PODS_ROOT}/Target Support Files/Pods-SMUthie/Pods-SMUthie-frameworks-${CONFIGURATION}-input-files.xcfilelist",
			);
			name = "[CP] Embed Pods Frameworks";
			outputFileListPaths = (
				"${PODS_ROOT}/Target Support Files/Pods-SMUthie/Pods-SMUthie-frameworks-${CONFIGURATION}-output-files.xcfilelist",
			);
			runOnlyForDeploymentPostprocessing = 0;
			shellPath = /bin/sh;
			shellScript = "\"${PODS_ROOT}/Target Support Files/Pods-SMUthie/Pods-SMUthie-frameworks.sh\"\n";
			showEnvVarsInLog = 0;
		};
		5CDEAC4C367A9392D6338713 /* [CP] Check Pods Manifest.lock */ = {
			isa = PBXShellScriptBuildPhase;
			buildActionMask = 2147483647;
			files = (
			);
			inputFileListPaths = (
			);
			inputPaths = (
				"${PODS_PODFILE_DIR_PATH}/Podfile.lock",
				"${PODS_ROOT}/Manifest.lock",
			);
			name = "[CP] Check Pods Manifest.lock";
			outputFileListPaths = (
			);
			outputPaths = (
				"$(DERIVED_FILE_DIR)/Pods-SMUthie-checkManifestLockResult.txt",
			);
			runOnlyForDeploymentPostprocessing = 0;
			shellPath = /bin/sh;
			shellScript = "diff \"${PODS_PODFILE_DIR_PATH}/Podfile.lock\" \"${PODS_ROOT}/Manifest.lock\" > /dev/null\nif [ $? != 0 ] ; then\n    # print error to STDERR\n    echo \"error: The sandbox is not in sync with the Podfile.lock. Run 'pod install' or update your CocoaPods installation.\" >&2\n    exit 1\nfi\n# This output is used by Xcode 'outputs' to avoid re-running this script phase.\necho \"SUCCESS\" > \"${SCRIPT_OUTPUT_FILE_0}\"\n";
			showEnvVarsInLog = 0;
		};
/* End PBXShellScriptBuildPhase section */

/* Begin PBXSourcesBuildPhase section */
		1085D23429AB85E7006DED25 /* Sources */ = {
			isa = PBXSourcesBuildPhase;
			buildActionMask = 2147483647;
			files = (
				28E4192C29ADC892003FF1CF /* HomeView.swift in Sources */,
				2876F48529AF392600D0864B /* AndamiroViewModel.swift in Sources */,
				2876F46529AE27BA00D0864B /* MapView.swift in Sources */,
				28EE415329B9AE2000D3ECF5 /* MiddleItem.swift in Sources */,
				282D13012A5C197100C2D81D /* BoardPageView.swift in Sources */,
				280FF9C929E41D2100D4380A /* MenuListViewModel.swift in Sources */,
				2876F47729AE440200D0864B /* Cafeteria.swift in Sources */,
				2876F46729AE29A000D0864B /* PlusView.swift in Sources */,
				2876F46D29AE3B9800D0864B /* CampusCafeView.swift in Sources */,
				28C8AC612A7A46C700C93DA2 /* Post.swift in Sources */,
				2876F47229AE3D0700D0864B /* CampusCafeViewModel.swift in Sources */,
				2876F46B29AE29BF00D0864B /* BoardView.swift in Sources */,
				28C8AC5F2A7A467200C93DA2 /* BoardViewModel.swift in Sources */,
				2876F48929AF96D800D0864B /* MenuModalView.swift in Sources */,
				2876F48329AF385800D0864B /* AndamiroView.swift in Sources */,
				2876F47929AE450700D0864B /* CafeteriaViewModel.swift in Sources */,
				2876F47B29AE454B00D0864B /* CafeteriaView.swift in Sources */,
				1085D23E29AB85E7006DED25 /* ContentView.swift in Sources */,
				1085D23C29AB85E7006DED25 /* SMUthieApp.swift in Sources */,
				28C364682A63D01500847A88 /* BoardInformationView.swift in Sources */,
				28AC1A4F2AB1AFAA00183652 /* PostContentView.swift in Sources */,
				28EE415129B9AD9200D3ECF5 /* MiddleItemViewModel.swift in Sources */,
				2876F48729AF3D3700D0864B /* AndamiroMenu.swift in Sources */,
				2876F46929AE29AE00D0864B /* MyPageView.swift in Sources */,
				280FF9CE29E41FA100D4380A /* Menu.swift in Sources */,
				2876F47029AE3C9F00D0864B /* CampusCafe.swift in Sources */,
			);
			runOnlyForDeploymentPostprocessing = 0;
		};
/* End PBXSourcesBuildPhase section */

/* Begin XCBuildConfiguration section */
		1085D24429AB85EB006DED25 /* Debug */ = {
			isa = XCBuildConfiguration;
			buildSettings = {
				ALWAYS_SEARCH_USER_PATHS = NO;
				CLANG_ANALYZER_NONNULL = YES;
				CLANG_ANALYZER_NUMBER_OBJECT_CONVERSION = YES_AGGRESSIVE;
				CLANG_CXX_LANGUAGE_STANDARD = "gnu++20";
				CLANG_ENABLE_MODULES = YES;
				CLANG_ENABLE_OBJC_ARC = YES;
				CLANG_ENABLE_OBJC_WEAK = YES;
				CLANG_WARN_BLOCK_CAPTURE_AUTORELEASING = YES;
				CLANG_WARN_BOOL_CONVERSION = YES;
				CLANG_WARN_COMMA = YES;
				CLANG_WARN_CONSTANT_CONVERSION = YES;
				CLANG_WARN_DEPRECATED_OBJC_IMPLEMENTATIONS = YES;
				CLANG_WARN_DIRECT_OBJC_ISA_USAGE = YES_ERROR;
				CLANG_WARN_DOCUMENTATION_COMMENTS = YES;
				CLANG_WARN_EMPTY_BODY = YES;
				CLANG_WARN_ENUM_CONVERSION = YES;
				CLANG_WARN_INFINITE_RECURSION = YES;
				CLANG_WARN_INT_CONVERSION = YES;
				CLANG_WARN_NON_LITERAL_NULL_CONVERSION = YES;
				CLANG_WARN_OBJC_IMPLICIT_RETAIN_SELF = YES;
				CLANG_WARN_OBJC_LITERAL_CONVERSION = YES;
				CLANG_WARN_OBJC_ROOT_CLASS = YES_ERROR;
				CLANG_WARN_QUOTED_INCLUDE_IN_FRAMEWORK_HEADER = YES;
				CLANG_WARN_RANGE_LOOP_ANALYSIS = YES;
				CLANG_WARN_STRICT_PROTOTYPES = YES;
				CLANG_WARN_SUSPICIOUS_MOVE = YES;
				CLANG_WARN_UNGUARDED_AVAILABILITY = YES_AGGRESSIVE;
				CLANG_WARN_UNREACHABLE_CODE = YES;
				CLANG_WARN__DUPLICATE_METHOD_MATCH = YES;
				COPY_PHASE_STRIP = NO;
				DEBUG_INFORMATION_FORMAT = dwarf;
				ENABLE_STRICT_OBJC_MSGSEND = YES;
				ENABLE_TESTABILITY = YES;
				GCC_C_LANGUAGE_STANDARD = gnu11;
				GCC_DYNAMIC_NO_PIC = NO;
				GCC_NO_COMMON_BLOCKS = YES;
				GCC_OPTIMIZATION_LEVEL = 0;
				GCC_PREPROCESSOR_DEFINITIONS = (
					"DEBUG=1",
					"$(inherited)",
				);
				GCC_WARN_64_TO_32_BIT_CONVERSION = YES;
				GCC_WARN_ABOUT_RETURN_TYPE = YES_ERROR;
				GCC_WARN_UNDECLARED_SELECTOR = YES;
				GCC_WARN_UNINITIALIZED_AUTOS = YES_AGGRESSIVE;
				GCC_WARN_UNUSED_FUNCTION = YES;
				GCC_WARN_UNUSED_VARIABLE = YES;
				IPHONEOS_DEPLOYMENT_TARGET = 16.2;
				MTL_ENABLE_DEBUG_INFO = INCLUDE_SOURCE;
				MTL_FAST_MATH = YES;
				ONLY_ACTIVE_ARCH = YES;
				SDKROOT = iphoneos;
				SWIFT_ACTIVE_COMPILATION_CONDITIONS = DEBUG;
				SWIFT_OPTIMIZATION_LEVEL = "-Onone";
			};
			name = Debug;
		};
		1085D24529AB85EB006DED25 /* Release */ = {
			isa = XCBuildConfiguration;
			buildSettings = {
				ALWAYS_SEARCH_USER_PATHS = NO;
				CLANG_ANALYZER_NONNULL = YES;
				CLANG_ANALYZER_NUMBER_OBJECT_CONVERSION = YES_AGGRESSIVE;
				CLANG_CXX_LANGUAGE_STANDARD = "gnu++20";
				CLANG_ENABLE_MODULES = YES;
				CLANG_ENABLE_OBJC_ARC = YES;
				CLANG_ENABLE_OBJC_WEAK = YES;
				CLANG_WARN_BLOCK_CAPTURE_AUTORELEASING = YES;
				CLANG_WARN_BOOL_CONVERSION = YES;
				CLANG_WARN_COMMA = YES;
				CLANG_WARN_CONSTANT_CONVERSION = YES;
				CLANG_WARN_DEPRECATED_OBJC_IMPLEMENTATIONS = YES;
				CLANG_WARN_DIRECT_OBJC_ISA_USAGE = YES_ERROR;
				CLANG_WARN_DOCUMENTATION_COMMENTS = YES;
				CLANG_WARN_EMPTY_BODY = YES;
				CLANG_WARN_ENUM_CONVERSION = YES;
				CLANG_WARN_INFINITE_RECURSION = YES;
				CLANG_WARN_INT_CONVERSION = YES;
				CLANG_WARN_NON_LITERAL_NULL_CONVERSION = YES;
				CLANG_WARN_OBJC_IMPLICIT_RETAIN_SELF = YES;
				CLANG_WARN_OBJC_LITERAL_CONVERSION = YES;
				CLANG_WARN_OBJC_ROOT_CLASS = YES_ERROR;
				CLANG_WARN_QUOTED_INCLUDE_IN_FRAMEWORK_HEADER = YES;
				CLANG_WARN_RANGE_LOOP_ANALYSIS = YES;
				CLANG_WARN_STRICT_PROTOTYPES = YES;
				CLANG_WARN_SUSPICIOUS_MOVE = YES;
				CLANG_WARN_UNGUARDED_AVAILABILITY = YES_AGGRESSIVE;
				CLANG_WARN_UNREACHABLE_CODE = YES;
				CLANG_WARN__DUPLICATE_METHOD_MATCH = YES;
				COPY_PHASE_STRIP = NO;
				DEBUG_INFORMATION_FORMAT = "dwarf-with-dsym";
				ENABLE_NS_ASSERTIONS = NO;
				ENABLE_STRICT_OBJC_MSGSEND = YES;
				GCC_C_LANGUAGE_STANDARD = gnu11;
				GCC_NO_COMMON_BLOCKS = YES;
				GCC_WARN_64_TO_32_BIT_CONVERSION = YES;
				GCC_WARN_ABOUT_RETURN_TYPE = YES_ERROR;
				GCC_WARN_UNDECLARED_SELECTOR = YES;
				GCC_WARN_UNINITIALIZED_AUTOS = YES_AGGRESSIVE;
				GCC_WARN_UNUSED_FUNCTION = YES;
				GCC_WARN_UNUSED_VARIABLE = YES;
				IPHONEOS_DEPLOYMENT_TARGET = 16.2;
				MTL_ENABLE_DEBUG_INFO = NO;
				MTL_FAST_MATH = YES;
				SDKROOT = iphoneos;
				SWIFT_COMPILATION_MODE = wholemodule;
				SWIFT_OPTIMIZATION_LEVEL = "-O";
				VALIDATE_PRODUCT = YES;
			};
			name = Release;
		};
		1085D24729AB85EB006DED25 /* Debug */ = {
			isa = XCBuildConfiguration;
			baseConfigurationReference = 6002895C527BD99FD94E1FA5 /* Pods-SMUthie.debug.xcconfig */;
			buildSettings = {
				ASSETCATALOG_COMPILER_APPICON_NAME = AppIcon;
				ASSETCATALOG_COMPILER_GLOBAL_ACCENT_COLOR_NAME = AccentColor;
				CODE_SIGN_STYLE = Automatic;
				CURRENT_PROJECT_VERSION = 1;
				DEVELOPMENT_ASSET_PATHS = "\"SMUthie/Preview Content\"";
				DEVELOPMENT_TEAM = B2BVUS6X5N;
				ENABLE_PREVIEWS = YES;
				GENERATE_INFOPLIST_FILE = YES;
				INFOPLIST_FILE = SMUthie/Info.plist;
				INFOPLIST_KEY_NSLocationAlwaysAndWhenInUseUsageDescription = "해당 앱은 플레이스 정보 조회를 위해 사용자의 현위치 정보를 수집합니다.";
				INFOPLIST_KEY_UIApplicationSceneManifest_Generation = YES;
				INFOPLIST_KEY_UIApplicationSupportsIndirectInputEvents = YES;
				INFOPLIST_KEY_UILaunchScreen_Generation = YES;
				INFOPLIST_KEY_UISupportedInterfaceOrientations_iPad = "UIInterfaceOrientationPortrait UIInterfaceOrientationPortraitUpsideDown UIInterfaceOrientationLandscapeLeft UIInterfaceOrientationLandscapeRight";
				INFOPLIST_KEY_UISupportedInterfaceOrientations_iPhone = "UIInterfaceOrientationPortrait UIInterfaceOrientationLandscapeLeft UIInterfaceOrientationLandscapeRight";
				LD_RUNPATH_SEARCH_PATHS = (
					"$(inherited)",
					"@executable_path/Frameworks",
				);
				MARKETING_VERSION = 1.0;
				PRODUCT_BUNDLE_IDENTIFIER = com.SMUthie.SMUthie;
				PRODUCT_NAME = "$(TARGET_NAME)";
				SUPPORTED_PLATFORMS = "iphoneos iphonesimulator";
				SUPPORTS_MACCATALYST = NO;
				SUPPORTS_MAC_DESIGNED_FOR_IPHONE_IPAD = NO;
				SWIFT_EMIT_LOC_STRINGS = YES;
				SWIFT_VERSION = 5.0;
				TARGETED_DEVICE_FAMILY = 1;
			};
			name = Debug;
		};
		1085D24829AB85EB006DED25 /* Release */ = {
			isa = XCBuildConfiguration;
			baseConfigurationReference = A4D89843B5B721499C62635B /* Pods-SMUthie.release.xcconfig */;
			buildSettings = {
				ASSETCATALOG_COMPILER_APPICON_NAME = AppIcon;
				ASSETCATALOG_COMPILER_GLOBAL_ACCENT_COLOR_NAME = AccentColor;
				CODE_SIGN_STYLE = Automatic;
				CURRENT_PROJECT_VERSION = 1;
				DEVELOPMENT_ASSET_PATHS = "\"SMUthie/Preview Content\"";
				DEVELOPMENT_TEAM = B2BVUS6X5N;
				ENABLE_PREVIEWS = YES;
				GENERATE_INFOPLIST_FILE = YES;
				INFOPLIST_FILE = SMUthie/Info.plist;
				INFOPLIST_KEY_NSLocationAlwaysAndWhenInUseUsageDescription = "해당 앱은 플레이스 정보 조회를 위해 사용자의 현위치 정보를 수집합니다.";
				INFOPLIST_KEY_UIApplicationSceneManifest_Generation = YES;
				INFOPLIST_KEY_UIApplicationSupportsIndirectInputEvents = YES;
				INFOPLIST_KEY_UILaunchScreen_Generation = YES;
				INFOPLIST_KEY_UISupportedInterfaceOrientations_iPad = "UIInterfaceOrientationPortrait UIInterfaceOrientationPortraitUpsideDown UIInterfaceOrientationLandscapeLeft UIInterfaceOrientationLandscapeRight";
				INFOPLIST_KEY_UISupportedInterfaceOrientations_iPhone = "UIInterfaceOrientationPortrait UIInterfaceOrientationLandscapeLeft UIInterfaceOrientationLandscapeRight";
				LD_RUNPATH_SEARCH_PATHS = (
					"$(inherited)",
					"@executable_path/Frameworks",
				);
				MARKETING_VERSION = 1.0;
				PRODUCT_BUNDLE_IDENTIFIER = com.SMUthie.SMUthie;
				PRODUCT_NAME = "$(TARGET_NAME)";
				SUPPORTED_PLATFORMS = "iphoneos iphonesimulator";
				SUPPORTS_MACCATALYST = NO;
				SUPPORTS_MAC_DESIGNED_FOR_IPHONE_IPAD = NO;
				SWIFT_EMIT_LOC_STRINGS = YES;
				SWIFT_VERSION = 5.0;
				TARGETED_DEVICE_FAMILY = 1;
			};
			name = Release;
		};
/* End XCBuildConfiguration section */

/* Begin XCConfigurationList section */
		1085D23329AB85E7006DED25 /* Build configuration list for PBXProject "SMUthie" */ = {
			isa = XCConfigurationList;
			buildConfigurations = (
				1085D24429AB85EB006DED25 /* Debug */,
				1085D24529AB85EB006DED25 /* Release */,
			);
			defaultConfigurationIsVisible = 0;
			defaultConfigurationName = Release;
		};
		1085D24629AB85EB006DED25 /* Build configuration list for PBXNativeTarget "SMUthie" */ = {
			isa = XCConfigurationList;
			buildConfigurations = (
				1085D24729AB85EB006DED25 /* Debug */,
				1085D24829AB85EB006DED25 /* Release */,
			);
			defaultConfigurationIsVisible = 0;
			defaultConfigurationName = Release;
		};
/* End XCConfigurationList section */
	};
	rootObject = 1085D23029AB85E7006DED25 /* Project object */;
}
